
Microsoft Visual Studio Solution File, Format Version 12.00
# Visual Studio Version 16
VisualStudioVersion = 16.0.29519.181
MinimumVisualStudioVersion = 10.0.40219.1
Project("{9A19103F-16F7-4668-BE54-9A1E7A4F7556}") = "PhiladelphiaInmateLocator.WebApi", "PhiladelphiaInmateLocator.WebApi\PhiladelphiaInmateLocator.WebApi.csproj", "{0CC32D81-C208-46A3-834E-8264D5F9C52A}"
EndProject
Project("{2150E333-8FDC-42A3-9474-1A3956D46DE8}") = "Solution Items", "Solution Items", "{D5B1ACFD-00EE-4CDC-86B6-B6A1F52BFEE4}"
	ProjectSection(SolutionItems) = preProject
		.editorconfig = .editorconfig
	EndProjectSection
EndProject
Project("{FAE04EC0-301F-11D3-BF4B-00C04F79EFBC}") = "PhiladelphiaInmateLocator.WebApiTests", "PhiladelphiaInmateLocator.WebApiTests\PhiladelphiaInmateLocator.WebApiTests.csproj", "{7C2A86F4-6300-44C5-85BB-F0FA7585AFC7}"
EndProject
Global
	GlobalSection(SolutionConfigurationPlatforms) = preSolution
		Debug|Any CPU = Debug|Any CPU
		Release|Any CPU = Release|Any CPU
	EndGlobalSection
	GlobalSection(ProjectConfigurationPlatforms) = postSolution
		{0CC32D81-C208-46A3-834E-8264D5F9C52A}.Debug|Any CPU.ActiveCfg = Debug|Any CPU
		{0CC32D81-C208-46A3-834E-8264D5F9C52A}.Debug|Any CPU.Build.0 = Debug|Any CPU
		{0CC32D81-C208-46A3-834E-8264D5F9C52A}.Release|Any CPU.ActiveCfg = Release|Any CPU
		{0CC32D81-C208-46A3-834E-8264D5F9C52A}.Release|Any CPU.Build.0 = Release|Any CPU
		{7C2A86F4-6300-44C5-85BB-F0FA7585AFC7}.Debug|Any CPU.ActiveCfg = Debug|Any CPU
		{7C2A86F4-6300-44C5-85BB-F0FA7585AFC7}.Debug|Any CPU.Build.0 = Debug|Any CPU
		{7C2A86F4-6300-44C5-85BB-F0FA7585AFC7}.Release|Any CPU.ActiveCfg = Release|Any CPU
		{7C2A86F4-6300-44C5-85BB-F0FA7585AFC7}.Release|Any CPU.Build.0 = Release|Any CPU
	EndGlobalSection
	GlobalSection(SolutionProperties) = preSolution
		HideSolutionNode = FALSE
	EndGlobalSection
	GlobalSection(ExtensibilityGlobals) = postSolution
		SolutionGuid = {490F5353-0980-4304-AE0C-F1544E0F8942}
	EndGlobalSection
EndGlobal
